
Microsoft Visual Studio Solution File, Format Version 12.00
# Visual Studio Version 16
VisualStudioVersion = 16.0.29920.165
MinimumVisualStudioVersion = 10.0.40219.1
Project("{9A19103F-16F7-4668-BE54-9A1E7A4F7556}") = "Websad.Core", "src\Websad.Core\Websad.Core.csproj", "{9EA5D6FD-864B-48FC-BDAA-A5AB683396D9}"
EndProject
Project("{2150E333-8FDC-42A3-9474-1A3956D46DE8}") = "src", "src", "{60BC3F1B-FE90-488B-8961-852870F14B45}"
EndProject
Project("{9A19103F-16F7-4668-BE54-9A1E7A4F7556}") = "Websad.Storage.Core", "src\Websad.Storage.Core\Websad.Storage.Core.csproj", "{1092FDE9-5173-4F7F-B4B2-7827F46B83B7}"
EndProject
Project("{9A19103F-16F7-4668-BE54-9A1E7A4F7556}") = "Websad.Storage.SQLite", "Src\Websad.Storage.SQLite\Websad.Storage.SQLite.csproj", "{CD3F65A7-E0E4-4E28-99F4-6E14113CDE0B}"
EndProject
Project("{9A19103F-16F7-4668-BE54-9A1E7A4F7556}") = "Websad.Extensions", "Src\Websad.Extensions\Websad.Extensions.csproj", "{2A37FF34-154D-468D-B696-372C1403D65E}"
EndProject
Project("{9A19103F-16F7-4668-BE54-9A1E7A4F7556}") = "Websad.Services", "src\Websad.Services\Websad.Services.csproj", "{950E8A91-D8BA-4912-A1B8-7AF0E8C9C554}"
EndProject
Project("{9A19103F-16F7-4668-BE54-9A1E7A4F7556}") = "Websad.Services.Data", "src\Websad.Services.Data\Websad.Services.Data.csproj", "{81E2BC84-8FB0-451F-AA8F-1BFA51FD21E6}"
EndProject
Project("{9A19103F-16F7-4668-BE54-9A1E7A4F7556}") = "Websad.Resources", "src\Websad.Resources\Websad.Resources.csproj", "{17FFC4FA-70A1-4637-98E2-D49F497E6ECE}"
EndProject
Project("{9A19103F-16F7-4668-BE54-9A1E7A4F7556}") = "Websad.Api", "src\Websad.Api\Websad.Api.csproj", "{F67B7D02-04E5-4E4F-9107-B9C163AEE040}"
EndProject
Project("{9A19103F-16F7-4668-BE54-9A1E7A4F7556}") = "Websad.Web.ViewModels", "src\Websad.Web.ViewModels\Websad.Web.ViewModels.csproj", "{6BFAC9A8-CE47-4A4E-8F6E-5B88122B23FF}"
EndProject
Project("{9A19103F-16F7-4668-BE54-9A1E7A4F7556}") = "Websad.Web.Components", "src\Websad.Web.Components\Websad.Web.Components.csproj", "{690343EB-C6BB-464E-9052-E44CD88784C3}"
EndProject
Project("{2150E333-8FDC-42A3-9474-1A3956D46DE8}") = "website", "website", "{F5621050-0B2C-47C8-915E-72DB684F90B1}"
EndProject
Project("{9A19103F-16F7-4668-BE54-9A1E7A4F7556}") = "Websad.Website", "website\Websad.Website.csproj", "{4595B521-C0A2-4A13-BC38-BEF8CC9FD475}"
EndProject
Global
	GlobalSection(SolutionConfigurationPlatforms) = preSolution
		Debug|Any CPU = Debug|Any CPU
		Release|Any CPU = Release|Any CPU
	EndGlobalSection
	GlobalSection(ProjectConfigurationPlatforms) = postSolution
		{9EA5D6FD-864B-48FC-BDAA-A5AB683396D9}.Debug|Any CPU.ActiveCfg = Debug|Any CPU
		{9EA5D6FD-864B-48FC-BDAA-A5AB683396D9}.Debug|Any CPU.Build.0 = Debug|Any CPU
		{9EA5D6FD-864B-48FC-BDAA-A5AB683396D9}.Release|Any CPU.ActiveCfg = Release|Any CPU
		{9EA5D6FD-864B-48FC-BDAA-A5AB683396D9}.Release|Any CPU.Build.0 = Release|Any CPU
		{1092FDE9-5173-4F7F-B4B2-7827F46B83B7}.Debug|Any CPU.ActiveCfg = Debug|Any CPU
		{1092FDE9-5173-4F7F-B4B2-7827F46B83B7}.Debug|Any CPU.Build.0 = Debug|Any CPU
		{1092FDE9-5173-4F7F-B4B2-7827F46B83B7}.Release|Any CPU.ActiveCfg = Release|Any CPU
		{1092FDE9-5173-4F7F-B4B2-7827F46B83B7}.Release|Any CPU.Build.0 = Release|Any CPU
		{CD3F65A7-E0E4-4E28-99F4-6E14113CDE0B}.Debug|Any CPU.ActiveCfg = Debug|Any CPU
		{CD3F65A7-E0E4-4E28-99F4-6E14113CDE0B}.Debug|Any CPU.Build.0 = Debug|Any CPU
		{CD3F65A7-E0E4-4E28-99F4-6E14113CDE0B}.Release|Any CPU.ActiveCfg = Release|Any CPU
		{CD3F65A7-E0E4-4E28-99F4-6E14113CDE0B}.Release|Any CPU.Build.0 = Release|Any CPU
		{2A37FF34-154D-468D-B696-372C1403D65E}.Debug|Any CPU.ActiveCfg = Debug|Any CPU
		{2A37FF34-154D-468D-B696-372C1403D65E}.Debug|Any CPU.Build.0 = Debug|Any CPU
		{2A37FF34-154D-468D-B696-372C1403D65E}.Release|Any CPU.ActiveCfg = Release|Any CPU
		{2A37FF34-154D-468D-B696-372C1403D65E}.Release|Any CPU.Build.0 = Release|Any CPU
		{950E8A91-D8BA-4912-A1B8-7AF0E8C9C554}.Debug|Any CPU.ActiveCfg = Debug|Any CPU
		{950E8A91-D8BA-4912-A1B8-7AF0E8C9C554}.Debug|Any CPU.Build.0 = Debug|Any CPU
		{950E8A91-D8BA-4912-A1B8-7AF0E8C9C554}.Release|Any CPU.ActiveCfg = Release|Any CPU
		{950E8A91-D8BA-4912-A1B8-7AF0E8C9C554}.Release|Any CPU.Build.0 = Release|Any CPU
		{81E2BC84-8FB0-451F-AA8F-1BFA51FD21E6}.Debug|Any CPU.ActiveCfg = Debug|Any CPU
		{81E2BC84-8FB0-451F-AA8F-1BFA51FD21E6}.Debug|Any CPU.Build.0 = Debug|Any CPU
		{81E2BC84-8FB0-451F-AA8F-1BFA51FD21E6}.Release|Any CPU.ActiveCfg = Release|Any CPU
		{81E2BC84-8FB0-451F-AA8F-1BFA51FD21E6}.Release|Any CPU.Build.0 = Release|Any CPU
		{17FFC4FA-70A1-4637-98E2-D49F497E6ECE}.Debug|Any CPU.ActiveCfg = Debug|Any CPU
		{17FFC4FA-70A1-4637-98E2-D49F497E6ECE}.Debug|Any CPU.Build.0 = Debug|Any CPU
		{17FFC4FA-70A1-4637-98E2-D49F497E6ECE}.Release|Any CPU.ActiveCfg = Release|Any CPU
		{17FFC4FA-70A1-4637-98E2-D49F497E6ECE}.Release|Any CPU.Build.0 = Release|Any CPU
		{F67B7D02-04E5-4E4F-9107-B9C163AEE040}.Debug|Any CPU.ActiveCfg = Debug|Any CPU
		{F67B7D02-04E5-4E4F-9107-B9C163AEE040}.Debug|Any CPU.Build.0 = Debug|Any CPU
		{F67B7D02-04E5-4E4F-9107-B9C163AEE040}.Release|Any CPU.ActiveCfg = Release|Any CPU
		{F67B7D02-04E5-4E4F-9107-B9C163AEE040}.Release|Any CPU.Build.0 = Release|Any CPU
		{6BFAC9A8-CE47-4A4E-8F6E-5B88122B23FF}.Debug|Any CPU.ActiveCfg = Debug|Any CPU
		{6BFAC9A8-CE47-4A4E-8F6E-5B88122B23FF}.Debug|Any CPU.Build.0 = Debug|Any CPU
		{6BFAC9A8-CE47-4A4E-8F6E-5B88122B23FF}.Release|Any CPU.ActiveCfg = Release|Any CPU
		{6BFAC9A8-CE47-4A4E-8F6E-5B88122B23FF}.Release|Any CPU.Build.0 = Release|Any CPU
		{690343EB-C6BB-464E-9052-E44CD88784C3}.Debug|Any CPU.ActiveCfg = Debug|Any CPU
		{690343EB-C6BB-464E-9052-E44CD88784C3}.Debug|Any CPU.Build.0 = Debug|Any CPU
		{690343EB-C6BB-464E-9052-E44CD88784C3}.Release|Any CPU.ActiveCfg = Release|Any CPU
		{690343EB-C6BB-464E-9052-E44CD88784C3}.Release|Any CPU.Build.0 = Release|Any CPU
		{4595B521-C0A2-4A13-BC38-BEF8CC9FD475}.Debug|Any CPU.ActiveCfg = Debug|Any CPU
		{4595B521-C0A2-4A13-BC38-BEF8CC9FD475}.Debug|Any CPU.Build.0 = Debug|Any CPU
		{4595B521-C0A2-4A13-BC38-BEF8CC9FD475}.Release|Any CPU.ActiveCfg = Release|Any CPU
		{4595B521-C0A2-4A13-BC38-BEF8CC9FD475}.Release|Any CPU.Build.0 = Release|Any CPU
	EndGlobalSection
	GlobalSection(SolutionProperties) = preSolution
		HideSolutionNode = FALSE
	EndGlobalSection
	GlobalSection(NestedProjects) = preSolution
		{9EA5D6FD-864B-48FC-BDAA-A5AB683396D9} = {60BC3F1B-FE90-488B-8961-852870F14B45}
		{1092FDE9-5173-4F7F-B4B2-7827F46B83B7} = {60BC3F1B-FE90-488B-8961-852870F14B45}
		{CD3F65A7-E0E4-4E28-99F4-6E14113CDE0B} = {60BC3F1B-FE90-488B-8961-852870F14B45}
		{2A37FF34-154D-468D-B696-372C1403D65E} = {60BC3F1B-FE90-488B-8961-852870F14B45}
		{950E8A91-D8BA-4912-A1B8-7AF0E8C9C554} = {60BC3F1B-FE90-488B-8961-852870F14B45}
		{81E2BC84-8FB0-451F-AA8F-1BFA51FD21E6} = {60BC3F1B-FE90-488B-8961-852870F14B45}
		{17FFC4FA-70A1-4637-98E2-D49F497E6ECE} = {60BC3F1B-FE90-488B-8961-852870F14B45}
		{F67B7D02-04E5-4E4F-9107-B9C163AEE040} = {60BC3F1B-FE90-488B-8961-852870F14B45}
		{6BFAC9A8-CE47-4A4E-8F6E-5B88122B23FF} = {60BC3F1B-FE90-488B-8961-852870F14B45}
		{690343EB-C6BB-464E-9052-E44CD88784C3} = {60BC3F1B-FE90-488B-8961-852870F14B45}
		{4595B521-C0A2-4A13-BC38-BEF8CC9FD475} = {F5621050-0B2C-47C8-915E-72DB684F90B1}
	EndGlobalSection
	GlobalSection(ExtensibilityGlobals) = postSolution
		SolutionGuid = {EDE839C2-4DC6-4C32-8F26-6C4E4E7BEC06}
	EndGlobalSection
EndGlobal
